<?xml version="1.0" encoding="utf-8"?>
<Project xmlns="http://schemas.microsoft.com/developer/msbuild/2003" ToolsVersion="4.0">
  <ItemGroup>
    <ClInclude Include="include\CPPPdf\CPPPdf.h" />
    <ClInclude Include="include\CPPPdf\Core\PdfTypes.hpp" />
    <ClInclude Include="include\CPPPdf\Document\PdfDocument.hpp" />
    <ClInclude Include="include\CPPPdf\Document\PdfPage.hpp" />
    <ClInclude Include="include\CPPPdf\Document\PdfPageEditor.hpp" />
    <ClInclude Include="include\CPPPdf\Filters\PdfFilterPipeline.hpp" />
    <ClInclude Include="include\CPPPdf\IO\PdfReader.hpp" />
    <ClInclude Include="include\CPPPdf\Objects\PdfObject.hpp" />
    <ClInclude Include="include\CPPPdf\PdfDocument.hpp" />
    <ClInclude Include="include\CPPPdf\PdfError.hpp" />
    <ClInclude Include="include\CPPPdf\PdfPage.hpp" />
    <ClInclude Include="include\CPPPdf\PdfReader.hpp" />
    <ClInclude Include="src\Internal\Parsing\PdfObjectParser.hpp" />
    <ClInclude Include="src\Internal\Document\PdfObjectResolver.hpp" />
    <ClInclude Include="include\CPPPdf\Fonts\PdfFont.hpp" />
    <ClInclude Include="include\CPPPdf\Fonts\PdfFontResource.hpp" />
    <ClInclude Include="include\CPPPdf\Fonts\PdfTrueTypeFont.hpp" />
    <ClInclude Include="include\CPPPdf\Content\PdfContentProcessor.hpp" />
    <ClInclude Include="include\CPPPdf\Writer\PdfWriter.hpp" />
    <ClInclude Include="include\CPPPdf\Graphics\PdfCanvas.hpp" />
    <ClInclude Include="include\CPPPdf\Graphics\PdfImage.hpp" />
    <ClInclude Include="include\CPPPdf\Rendering.hpp" />
    <ClInclude Include="include\CPPPdf\Rendering\PdfBitmap.hpp" />
    <ClInclude Include="include\CPPPdf\Rendering\PdfPageRenderer.hpp" />
    <ClInclude Include="src\Writer\PdfWriterState.hpp" />
    <ClInclude Include="include\CPPPdf\Text\PdfTextExtractor.hpp" />
    <ClInclude Include="include\CPPPdf\Text\PdfTextSearch.hpp" />
    <ClInclude Include="include\CPPPdf\Text\PdfTextDocumentIndex.hpp" />
    <ClInclude Include="include\CPPPdf\Annotations\PdfKeywordHighlighter.hpp" />
    <ClInclude Include="include\CPPPdf\Annotations\PdfAnnotationEditor.hpp" />
    <ClInclude Include="include\CPPPdf\Document\PdfPageOrganizer.hpp" />
    <ClInclude Include="include\CPPPdf\Document\PdfPageImporter.hpp" />
    <ClInclude Include="src\Internal\Writer\PdfObjectSerializer.hpp" />
    <ClInclude Include="src\Internal\Writer\PdfObjectCollectionWriter.hpp" />
    <ClInclude Include="include\CPPPdf\Forms\PdfAcroForm.hpp" />
    <ClInclude Include="include\CPPPdf\Api.hpp" />
    <ClInclude Include="include\CPPPdf\Version.hpp" />
    <ClInclude Include="include\CPPPdf\Types.hpp" />
    <ClInclude Include="include\CPPPdf\Reader.hpp" />
    <ClInclude Include="include\CPPPdf\Document.hpp" />
    <ClInclude Include="include\CPPPdf\Text.hpp" />
    <ClInclude Include="include\CPPPdf\Graphics.hpp" />
    <ClInclude Include="include\CPPPdf\Writer.hpp" />
    <ClInclude Include="include\CPPPdf\Annotations.hpp" />
    <ClInclude Include="include\CPPPdf\Forms.hpp" />
    <ClInclude Include="include\CPPPdf\Security\PdfSecurity.hpp" />
    <ClInclude Include="src\Internal\Security\PdfStandardSecurity.hpp" />
    <ClInclude Include="src\Internal\Writer\PdfIncrementalWriter.hpp" />
    <ClInclude Include="include\CPPPdf\Graphics\PdfFunction.hpp" />
    <ClInclude Include="include\CPPPdf\Rendering\PdfShading.hpp" />
  </ItemGroup>
  <ItemGroup>
    <ClCompile Include="src\Document\PdfDocument.cpp" />
    <ClCompile Include="src\Document\PdfObjectResolver.cpp" />
    <ClCompile Include="src\Document\PdfPageEditor.cpp" />
    <ClCompile Include="src\Filters\PdfFilterPipeline.cpp" />
    <ClCompile Include="src\IO\PdfInputSource.cpp" />
    <ClCompile Include="src\Objects\PdfObject.cpp" />
    <ClCompile Include="src\Parsing\PdfObjectParser.cpp" />
    <ClCompile Include="src\Fonts\PdfFont.cpp" />
    <ClCompile Include="src\Fonts\PdfFontResource.cpp" />
    <ClCompile Include="src\Fonts\PdfTrueTypeFont.cpp" />
    <ClCompile Include="src\Content\PdfContentProcessor.cpp" />
    <ClCompile Include="src\Writer\PdfWriter.cpp" />
    <ClCompile Include="src\Security\PdfStandardSecurity.cpp" />
    <ClCompile Include="src\Security\PdfCrypto.cpp" />
    <ClCompile Include="src\Graphics\PdfCanvas.cpp" />
    <ClCompile Include="src\Graphics\PdfImage.cpp" />
    <ClCompile Include="src\Rendering\PdfBitmap.cpp" />
    <ClCompile Include="src\Rendering\PdfPageRenderer.cpp" />
    <ClCompile Include="src\Text\PdfTextExtractor.cpp" />
    <ClCompile Include="src\Text\PdfTextSearch.cpp" />
    <ClCompile Include="src\Text\PdfTextDocumentIndex.cpp" />
    <ClCompile Include="src\Annotations\PdfKeywordHighlighter.cpp" />
    <ClCompile Include="src\Annotations\PdfAnnotationEditor.cpp" />
    <ClCompile Include="src\Document\PdfPageOrganizer.cpp" />
    <ClCompile Include="src\Document\PdfPageImporter.cpp" />
    <ClCompile Include="src\Internal\Writer\PdfObjectSerializer.cpp" />
    <ClCompile Include="src\Internal\Writer\PdfObjectCollectionWriter.cpp" />
    <ClCompile Include="src\Forms\PdfAcroForm.cpp" />
    <ClCompile Include="src\Security\PdfPasswordManager.cpp" />
    <ClCompile Include="src\Writer\PdfIncrementalWriter.cpp" />
    <ClCompile Include="src\Graphics\PdfFunction.cpp" />
    <ClCompile Include="src\Rendering\PdfShading.cpp" />
  </ItemGroup>
</Project>