<?xml version='1.0' encoding='utf-8'?>
<Project xmlns="http://schemas.microsoft.com/developer/msbuild/2003" ToolsVersion="4.0"><ItemGroup><Filter Include="Header Files"><UniqueIdentifier>{69433642-051F-56ED-B754-84C0E9E1B046}</UniqueIdentifier></Filter><Filter Include="Source Files"><UniqueIdentifier>{BCB41DCA-5D3E-57E3-B3CC-6E4FAF599A10}</UniqueIdentifier></Filter><Filter Include="Header Files\Api"><UniqueIdentifier>{4CF6C99F-F441-5274-9785-BFE3C07373A3}</UniqueIdentifier></Filter><Filter Include="Source Files\Api"><UniqueIdentifier>{F1949756-DDFF-5FC0-B4B5-B804D0AAD6B2}</UniqueIdentifier></Filter><Filter Include="Header Files\Annotations"><UniqueIdentifier>{631374EB-11EF-5D0C-B4DC-0DED593F991D}</UniqueIdentifier></Filter><Filter Include="Source Files\Annotations"><UniqueIdentifier>{02A5F01C-6266-583E-B625-723A72A42F50}</UniqueIdentifier></Filter><Filter Include="Header Files\Content"><UniqueIdentifier>{EC243DFF-5161-5D70-A303-7CA6D54A71FB}</UniqueIdentifier></Filter><Filter Include="Source Files\Content"><UniqueIdentifier>{C76D7EE4-EBE0-5998-AC45-4E74766C39D9}</UniqueIdentifier></Filter><Filter Include="Header Files\Core"><UniqueIdentifier>{060FE8FA-155B-588C-97CB-23F935F0A4AB}</UniqueIdentifier></Filter><Filter Include="Source Files\Core"><UniqueIdentifier>{00F03DFE-4C38-588D-BB2C-2E9341C091E2}</UniqueIdentifier></Filter><Filter Include="Header Files\Document"><UniqueIdentifier>{44B9594D-B471-50BE-8CA0-B3C7254E3CDB}</UniqueIdentifier></Filter><Filter Include="Source Files\Document"><UniqueIdentifier>{79B5E13B-16A1-5405-A2E4-CC7F937475AA}</UniqueIdentifier></Filter><Filter Include="Header Files\Filters"><UniqueIdentifier>{AEFFBEAE-EC5F-509F-875C-D4A81B5B03DF}</UniqueIdentifier></Filter><Filter Include="Source Files\Filters"><UniqueIdentifier>{1DBB0746-0573-57C6-B903-19F5E5CC6059}</UniqueIdentifier></Filter><Filter Include="Header Files\Fonts"><UniqueIdentifier>{65939031-2815-58AF-A50C-A1685EB11A2D}</UniqueIdentifier></Filter><Filter Include="Source Files\Fonts"><UniqueIdentifier>{9FDDC585-0F61-5155-AE7D-75B3FE95481A}</UniqueIdentifier></Filter><Filter Include="Header Files\Forms"><UniqueIdentifier>{9A0583DF-D30D-5786-9DA8-4762C36743F7}</UniqueIdentifier></Filter><Filter Include="Source Files\Forms"><UniqueIdentifier>{20A20C87-8728-5FCD-A1AB-5D204727237E}</UniqueIdentifier></Filter><Filter Include="Header Files\Graphics"><UniqueIdentifier>{4EE8F4BF-E761-50B8-BB7A-1C315F2D6A60}</UniqueIdentifier></Filter><Filter Include="Source Files\Graphics"><UniqueIdentifier>{7FAFF9B0-6F97-5FA5-959F-6ED67F1552E6}</UniqueIdentifier></Filter><Filter Include="Header Files\IO"><UniqueIdentifier>{3B196560-8BAF-503B-AE2C-76D09280F379}</UniqueIdentifier></Filter><Filter Include="Source Files\IO"><UniqueIdentifier>{F5645050-6B9E-5A78-86E7-88D0BD17BC06}</UniqueIdentifier></Filter><Filter Include="Header Files\Objects"><UniqueIdentifier>{1DA1467C-12ED-5BC8-B40D-021F8AE99315}</UniqueIdentifier></Filter><Filter Include="Source Files\Objects"><UniqueIdentifier>{FE71E771-EB0A-5AD3-BF8C-F1F3CA87FD8D}</UniqueIdentifier></Filter><Filter Include="Header Files\Rendering"><UniqueIdentifier>{4D014E10-CC1B-55DE-9DB4-D1E6C6A49D6C}</UniqueIdentifier></Filter><Filter Include="Source Files\Rendering"><UniqueIdentifier>{E04EF725-C6A9-5C7F-9AD2-9352F828ADE6}</UniqueIdentifier></Filter><Filter Include="Header Files\Security"><UniqueIdentifier>{F2724C18-CF68-58FE-9C44-21368945FC02}</UniqueIdentifier></Filter><Filter Include="Source Files\Security"><UniqueIdentifier>{39ADAE03-79C5-5BE1-B554-EAC8BE8D6469}</UniqueIdentifier></Filter><Filter Include="Header Files\Text"><UniqueIdentifier>{C5B4D38D-9352-56F0-BFB3-BDB40CD278D0}</UniqueIdentifier></Filter><Filter Include="Source Files\Text"><UniqueIdentifier>{D6B0A886-D992-5FC3-BB55-DCAAD65B1096}</UniqueIdentifier></Filter><Filter Include="Header Files\Validation"><UniqueIdentifier>{5FDB778C-C396-5D5C-8859-62588705AE69}</UniqueIdentifier></Filter><Filter Include="Source Files\Validation"><UniqueIdentifier>{ACE1CC0B-8637-5594-88EB-85ECA6961C37}</UniqueIdentifier></Filter><Filter Include="Header Files\Writer"><UniqueIdentifier>{7DBF9EEF-02EC-592F-B093-C0AE634F8604}</UniqueIdentifier></Filter><Filter Include="Source Files\Writer"><UniqueIdentifier>{B6B3748F-9282-5C71-A078-0066E0D3CC80}</UniqueIdentifier></Filter><Filter Include="Header Files\Internal"><UniqueIdentifier>{B71954C7-3D36-59C4-8200-8175A8298B9A}</UniqueIdentifier></Filter><Filter Include="Source Files\Internal"><UniqueIdentifier>{88837CC1-33C1-584D-99B2-9B61CD9D98E7}</UniqueIdentifier></Filter></ItemGroup><ItemGroup><ClInclude Include="include\CPPPdf\Annotations.hpp"><Filter>Header Files\Core</Filter></ClInclude><ClInclude Include="include\CPPPdf\Annotations\PdfAnnotationEditor.hpp"><Filter>Header Files\Annotations</Filter></ClInclude><ClInclude Include="include\CPPPdf\Annotations\PdfKeywordHighlighter.hpp"><Filter>Header Files\Annotations</Filter></ClInclude><ClInclude Include="include\CPPPdf\Annotations\PdfXfdf.hpp"><Filter>Header Files\Annotations</Filter></ClInclude><ClInclude Include="include\CPPPdf\Api.hpp"><Filter>Header Files\Core</Filter></ClInclude><ClInclude Include="include\CPPPdf\CPPPdf.h"><Filter>Header Files\Core</Filter></ClInclude><ClInclude Include="include\CPPPdf\CPPPdf.hpp"><Filter>Header Files\Core</Filter></ClInclude><ClInclude Include="include\CPPPdf\Content\PdfContentProcessor.hpp"><Filter>Header Files\Content</Filter></ClInclude><ClInclude Include="include\CPPPdf\Core\PdfTypes.hpp"><Filter>Header Files\Core</Filter></ClInclude><ClInclude Include="include\CPPPdf\Document.hpp"><Filter>Header Files\Core</Filter></ClInclude><ClInclude Include="include\CPPPdf\Document\PdfDocument.hpp"><Filter>Header Files\Document</Filter></ClInclude><ClInclude Include="include\CPPPdf\Document\PdfDocumentLayout.hpp"><Filter>Header Files\Document</Filter></ClInclude><ClInclude Include="include\CPPPdf\Document\PdfPage.hpp"><Filter>Header Files\Document</Filter></ClInclude><ClInclude Include="include\CPPPdf\Document\PdfPageEditor.hpp"><Filter>Header Files\Document</Filter></ClInclude><ClInclude Include="include\CPPPdf\Document\PdfPageImporter.hpp"><Filter>Header Files\Document</Filter></ClInclude><ClInclude Include="include\CPPPdf\Document\PdfPageOrganizer.hpp"><Filter>Header Files\Document</Filter></ClInclude><ClInclude Include="include\CPPPdf\Document\PdfRedactor.hpp"><Filter>Header Files\Document</Filter></ClInclude><ClInclude Include="include\CPPPdf\Filters\PdfFilterPipeline.hpp"><Filter>Header Files\Filters</Filter></ClInclude><ClInclude Include="include\CPPPdf\Fonts\PdfCff.hpp"><Filter>Header Files\Fonts</Filter></ClInclude><ClInclude Include="include\CPPPdf\Fonts\PdfFont.hpp"><Filter>Header Files\Fonts</Filter></ClInclude><ClInclude Include="include\CPPPdf\Fonts\PdfFontResource.hpp"><Filter>Header Files\Fonts</Filter></ClInclude><ClInclude Include="include\CPPPdf\Fonts\PdfTrueTypeFont.hpp"><Filter>Header Files\Fonts</Filter></ClInclude><ClInclude Include="include\CPPPdf\Fonts\PdfType1Font.hpp"><Filter>Header Files\Fonts</Filter></ClInclude><ClInclude Include="include\CPPPdf\Fonts\PdfType3Font.hpp"><Filter>Header Files\Fonts</Filter></ClInclude><ClInclude Include="include\CPPPdf\Forms.hpp"><Filter>Header Files\Core</Filter></ClInclude><ClInclude Include="include\CPPPdf\Forms\PdfAcroForm.hpp"><Filter>Header Files\Forms</Filter></ClInclude><ClInclude Include="include\CPPPdf\Graphics.hpp"><Filter>Header Files\Core</Filter></ClInclude><ClInclude Include="include\CPPPdf\Graphics\PdfCanvas.hpp"><Filter>Header Files\Graphics</Filter></ClInclude><ClInclude Include="include\CPPPdf\Graphics\PdfFunction.hpp"><Filter>Header Files\Graphics</Filter></ClInclude><ClInclude Include="include\CPPPdf\Graphics\PdfImage.hpp"><Filter>Header Files\Graphics</Filter></ClInclude><ClInclude Include="include\CPPPdf\IO\PdfReader.hpp"><Filter>Header Files\IO</Filter></ClInclude><ClInclude Include="include\CPPPdf\Objects\PdfObject.hpp"><Filter>Header Files\Objects</Filter></ClInclude><ClInclude Include="include\CPPPdf\PdfDocument.hpp"><Filter>Header Files\Core</Filter></ClInclude><ClInclude Include="include\CPPPdf\PdfError.hpp"><Filter>Header Files\Core</Filter></ClInclude><ClInclude Include="include\CPPPdf\PdfPage.hpp"><Filter>Header Files\Core</Filter></ClInclude><ClInclude Include="include\CPPPdf\PdfReader.hpp"><Filter>Header Files\Core</Filter></ClInclude><ClInclude Include="include\CPPPdf\Reader.hpp"><Filter>Header Files\Core</Filter></ClInclude><ClInclude Include="include\CPPPdf\Rendering.hpp"><Filter>Header Files\Core</Filter></ClInclude><ClInclude Include="include\CPPPdf\Rendering\PdfBitmap.hpp"><Filter>Header Files\Rendering</Filter></ClInclude><ClInclude Include="include\CPPPdf\Rendering\PdfDisplayList.hpp"><Filter>Header Files\Rendering</Filter></ClInclude><ClInclude Include="include\CPPPdf\Rendering\PdfPageRenderer.hpp"><Filter>Header Files\Rendering</Filter></ClInclude><ClInclude Include="include\CPPPdf\Rendering\PdfShading.hpp"><Filter>Header Files\Rendering</Filter></ClInclude><ClInclude Include="include\CPPPdf\Rendering\PdfTransparencyGroup.h"><Filter>Header Files\Rendering</Filter></ClInclude><ClInclude Include="include\CPPPdf\Security\PdfCms.hpp"><Filter>Header Files\Security</Filter></ClInclude><ClInclude Include="include\CPPPdf\Security\PdfPades.hpp"><Filter>Header Files\Security</Filter></ClInclude><ClInclude Include="include\CPPPdf\Security\PdfSecurity.hpp"><Filter>Header Files\Security</Filter></ClInclude><ClInclude Include="include\CPPPdf\Security\PdfSignature.hpp"><Filter>Header Files\Security</Filter></ClInclude><ClInclude Include="include\CPPPdf\Text.hpp"><Filter>Header Files\Core</Filter></ClInclude><ClInclude Include="include\CPPPdf\Text\PdfTextDocumentIndex.hpp"><Filter>Header Files\Text</Filter></ClInclude><ClInclude Include="include\CPPPdf\Text\PdfTextExtractor.hpp"><Filter>Header Files\Text</Filter></ClInclude><ClInclude Include="include\CPPPdf\Text\PdfTextLayout.hpp"><Filter>Header Files\Text</Filter></ClInclude><ClInclude Include="include\CPPPdf\Text\PdfTextSearch.hpp"><Filter>Header Files\Text</Filter></ClInclude><ClInclude Include="include\CPPPdf\Types.hpp"><Filter>Header Files\Core</Filter></ClInclude><ClInclude Include="include\CPPPdf\Validation\PdfConformance.hpp"><Filter>Header Files\Validation</Filter></ClInclude><ClInclude Include="include\CPPPdf\Version.hpp"><Filter>Header Files\Core</Filter></ClInclude><ClInclude Include="include\CPPPdf\Writer.hpp"><Filter>Header Files\Core</Filter></ClInclude><ClInclude Include="include\CPPPdf\Writer\PdfIncrementalUpdate.hpp"><Filter>Header Files\Writer</Filter></ClInclude><ClInclude Include="include\CPPPdf\Writer\PdfWriter.hpp"><Filter>Header Files\Writer</Filter></ClInclude><ClInclude Include="include\CPPPdf\pdfpp_c.h"><Filter>Header Files\Core</Filter></ClInclude><ClInclude Include="src\Internal\Document\PdfObjectResolver.hpp"><Filter>Header Files\Internal</Filter></ClInclude><ClInclude Include="src\Internal\Graphics\PdfJpegEncoder.hpp"><Filter>Header Files\Internal</Filter></ClInclude><ClInclude Include="src\Internal\Parsing\PdfObjectParser.hpp"><Filter>Header Files\Internal</Filter></ClInclude><ClInclude Include="src\Internal\Security\PdfCrypto.hpp"><Filter>Header Files\Internal</Filter></ClInclude><ClInclude Include="src\Internal\Security\PdfStandardSecurity.hpp"><Filter>Header Files\Internal</Filter></ClInclude><ClInclude Include="src\Internal\Writer\PdfIncrementalWriter.hpp"><Filter>Header Files\Internal</Filter></ClInclude><ClInclude Include="src\Internal\Writer\PdfObjectCollectionWriter.hpp"><Filter>Header Files\Internal</Filter></ClInclude><ClInclude Include="src\Internal\Writer\PdfObjectSerializer.hpp"><Filter>Header Files\Internal</Filter></ClInclude><ClInclude Include="src\Writer\PdfWriterState.hpp"><Filter>Header Files\Writer</Filter></ClInclude></ItemGroup><ItemGroup><ClCompile Include="src\Annotations\PdfAnnotationEditor.cpp"><Filter>Source Files\Annotations</Filter></ClCompile><ClCompile Include="src\Annotations\PdfKeywordHighlighter.cpp"><Filter>Source Files\Annotations</Filter></ClCompile><ClCompile Include="src\Annotations\PdfXfdf.cpp"><Filter>Source Files\Annotations</Filter></ClCompile><ClCompile Include="src\Api\pdfpp_c.cpp"><Filter>Source Files\Api</Filter></ClCompile><ClCompile Include="src\Content\PdfContentProcessor.cpp"><Filter>Source Files\Content</Filter></ClCompile><ClCompile Include="src\Document\PdfDocument.cpp"><Filter>Source Files\Document</Filter></ClCompile><ClCompile Include="src\Document\PdfDocumentLayout.cpp"><Filter>Source Files\Document</Filter></ClCompile><ClCompile Include="src\Document\PdfObjectResolver.cpp"><Filter>Source Files\Document</Filter></ClCompile><ClCompile Include="src\Document\PdfPageEditor.cpp"><Filter>Source Files\Document</Filter></ClCompile><ClCompile Include="src\Document\PdfPageImporter.cpp"><Filter>Source Files\Document</Filter></ClCompile><ClCompile Include="src\Document\PdfPageOrganizer.cpp"><Filter>Source Files\Document</Filter></ClCompile><ClCompile Include="src\Document\PdfRedactor.cpp"><Filter>Source Files\Document</Filter></ClCompile><ClCompile Include="src\Filters\PdfFilterPipeline.cpp"><Filter>Source Files\Filters</Filter></ClCompile><ClCompile Include="src\Fonts\PdfCff.cpp"><Filter>Source Files\Fonts</Filter></ClCompile><ClCompile Include="src\Fonts\PdfFont.cpp"><Filter>Source Files\Fonts</Filter></ClCompile><ClCompile Include="src\Fonts\PdfFontResource.cpp"><Filter>Source Files\Fonts</Filter></ClCompile><ClCompile Include="src\Fonts\PdfTrueTypeFont.cpp"><Filter>Source Files\Fonts</Filter></ClCompile><ClCompile Include="src\Fonts\PdfType1Font.cpp"><Filter>Source Files\Fonts</Filter></ClCompile><ClCompile Include="src\Fonts\PdfType3Font.cpp"><Filter>Source Files\Fonts</Filter></ClCompile><ClCompile Include="src\Forms\PdfAcroForm.cpp"><Filter>Source Files\Forms</Filter></ClCompile><ClCompile Include="src\Graphics\PdfCanvas.cpp"><Filter>Source Files\Graphics</Filter></ClCompile><ClCompile Include="src\Graphics\PdfFunction.cpp"><Filter>Source Files\Graphics</Filter></ClCompile><ClCompile Include="src\Graphics\PdfImage.cpp"><Filter>Source Files\Graphics</Filter></ClCompile><ClCompile Include="src\IO\PdfInputSource.cpp"><Filter>Source Files\IO</Filter></ClCompile><ClCompile Include="src\Internal\Graphics\PdfJpegEncoder.cpp"><Filter>Source Files\Internal</Filter></ClCompile><ClCompile Include="src\Internal\Writer\PdfObjectCollectionWriter.cpp"><Filter>Source Files\Internal</Filter></ClCompile><ClCompile Include="src\Internal\Writer\PdfObjectSerializer.cpp"><Filter>Source Files\Internal</Filter></ClCompile><ClCompile Include="src\Objects\PdfObject.cpp"><Filter>Source Files\Objects</Filter></ClCompile><ClCompile Include="src\Parsing\PdfObjectParser.cpp"><Filter>Source Files\Core</Filter></ClCompile><ClCompile Include="src\Rendering\PdfBitmap.cpp"><Filter>Source Files\Rendering</Filter></ClCompile><ClCompile Include="src\Rendering\PdfPageRenderer.cpp"><Filter>Source Files\Rendering</Filter></ClCompile><ClCompile Include="src\Rendering\PdfShading.cpp"><Filter>Source Files\Rendering</Filter></ClCompile><ClCompile Include="src\Security\PdfCms.cpp"><Filter>Source Files\Security</Filter></ClCompile><ClCompile Include="src\Security\PdfCrypto.cpp"><Filter>Source Files\Security</Filter></ClCompile><ClCompile Include="src\Security\PdfPades.cpp"><Filter>Source Files\Security</Filter></ClCompile><ClCompile Include="src\Security\PdfPasswordManager.cpp"><Filter>Source Files\Security</Filter></ClCompile><ClCompile Include="src\Security\PdfSignature.cpp"><Filter>Source Files\Security</Filter></ClCompile><ClCompile Include="src\Security\PdfStandardSecurity.cpp"><Filter>Source Files\Security</Filter></ClCompile><ClCompile Include="src\Text\PdfTextDocumentIndex.cpp"><Filter>Source Files\Text</Filter></ClCompile><ClCompile Include="src\Text\PdfTextExtractor.cpp"><Filter>Source Files\Text</Filter></ClCompile><ClCompile Include="src\Text\PdfTextLayout.cpp"><Filter>Source Files\Text</Filter></ClCompile><ClCompile Include="src\Text\PdfTextSearch.cpp"><Filter>Source Files\Text</Filter></ClCompile><ClCompile Include="src\Validation\PdfConformance.cpp"><Filter>Source Files\Validation</Filter></ClCompile><ClCompile Include="src\Writer\PdfIncrementalUpdate.cpp"><Filter>Source Files\Writer</Filter></ClCompile><ClCompile Include="src\Writer\PdfIncrementalWriter.cpp"><Filter>Source Files\Writer</Filter></ClCompile><ClCompile Include="src\Writer\PdfWriter.cpp"><Filter>Source Files\Writer</Filter></ClCompile></ItemGroup></Project>