<?xml version="1.0" encoding="utf-8"?>
<Project ToolsVersion="4.0" xmlns="http://schemas.microsoft.com/developer/msbuild/2003">
  <ItemGroup><Filter Include="Tests"><UniqueIdentifier>{27D6E3D4-A980-4CE3-AFE2-694DB9677048}</UniqueIdentifier></Filter></ItemGroup>
  <ItemGroup><ClCompile Include="ReaderSmokeTests.cpp"><Filter>Tests</Filter></ClCompile></ItemGroup>
</Project>
