<?xml version="1.0" encoding="utf-8"?>
<Project ToolsVersion="4.0" xmlns="http://schemas.microsoft.com/developer/msbuild/2003">
  <ItemGroup><Filter Include="Source Files"><UniqueIdentifier>{A2C3E1C0-2A0F-4D1B-9F4D-57E59E8F6A21}</UniqueIdentifier></Filter></ItemGroup>
  <ItemGroup><ClCompile Include="PdfPP.Native.cpp"><Filter>Source Files</Filter></ClCompile></ItemGroup>
</Project>
