<?xml version="1.0" encoding="utf-8"?>
<Project ToolsVersion="4.0" xmlns="http://schemas.microsoft.com/developer/msbuild/2003">
  <ItemGroup>
    <Filter Include="Source Files">
      <UniqueIdentifier>{B96FE57B-B2D2-4BA4-A4E5-D7EF81561D18}</UniqueIdentifier>
      <Extensions>cpp;c;cxx</Extensions>
    </Filter>
    <Filter Include="Header Files">
      <UniqueIdentifier>{4EE083D1-D3E8-489A-B497-5754530655AE}</UniqueIdentifier>
      <Extensions>h;hpp;hxx</Extensions>
    </Filter>
  </ItemGroup>
  <ItemGroup>
    <ClCompile Include="src\Main.cpp">
      <Filter>Source Files</Filter>
    </ClCompile>
    <ClCompile Include="src\NativePdf.cpp">
      <Filter>Source Files</Filter>
    </ClCompile>
    <ClCompile Include="src\PageCache.cpp">
      <Filter>Source Files</Filter>
    </ClCompile>
    <ClCompile Include="src\ReaderApplication.cpp">
      <Filter>Source Files</Filter>
    </ClCompile>
  </ItemGroup>
  <ItemGroup>
    <ClInclude Include="include\PdfPP\Win32\AppCommands.hpp">
      <Filter>Header Files</Filter>
    </ClInclude>
    <ClInclude Include="include\PdfPP\Win32\NativePdf.hpp">
      <Filter>Header Files</Filter>
    </ClInclude>
    <ClInclude Include="include\PdfPP\Win32\PageCache.hpp">
      <Filter>Header Files</Filter>
    </ClInclude>
    <ClInclude Include="include\PdfPP\Win32\ReaderApplication.hpp">
      <Filter>Header Files</Filter>
    </ClInclude>
  </ItemGroup>
</Project>
